
Microsoft Visual Studio Solution File, Format Version 12.00
# Visual Studio Version 17
VisualStudioVersion = 17.9.34728.123
MinimumVisualStudioVersion = 10.0.40219.1
Project("{FAE04EC0-301F-11D3-BF4B-00C04F79EFBC}") = "JailAPI", "JailAPI\JailAPI.csproj", "{81C59B5A-D00C-4DC2-ADE7-47609B6D127F}"
EndProject
Global
	GlobalSection(SolutionConfigurationPlatforms) = preSolution
		Debug|Any CPU = Debug|Any CPU
		Release|Any CPU = Release|Any CPU
	EndGlobalSection
	GlobalSection(ProjectConfigurationPlatforms) = postSolution
		{81C59B5A-D00C-4DC2-ADE7-47609B6D127F}.Debug|Any CPU.ActiveCfg = Debug|Any CPU
		{81C59B5A-D00C-4DC2-ADE7-47609B6D127F}.Debug|Any CPU.Build.0 = Debug|Any CPU
		{81C59B5A-D00C-4DC2-ADE7-47609B6D127F}.Release|Any CPU.ActiveCfg = Release|Any CPU
		{81C59B5A-D00C-4DC2-ADE7-47609B6D127F}.Release|Any CPU.Build.0 = Release|Any CPU
	EndGlobalSection
	GlobalSection(SolutionProperties) = preSolution
		HideSolutionNode = FALSE
	EndGlobalSection
	GlobalSection(ExtensibilityGlobals) = postSolution
		SolutionGuid = {DCF3029A-8DEF-473A-BC1F-2420ADEA2157}
	EndGlobalSection
EndGlobal
